{
  "name": "3.generator",
  "version": "1.0.0",
  "lockfileVersion": 1,
  "requires": true,
  "dependencies": {
    "@babel/polyfill": {
      "version": "7.6.0",
      "resolved": "https://registry.npm.taobao.org/@babel/polyfill/download/@babel/polyfill-7.6.0.tgz?cache=0&sync_timestamp=1567791811656&other_urls=https%3A%2F%2Fregistry.npm.taobao.org%2F%40babel%2Fpolyfill%2Fdownload%2F%40babel%2Fpolyfill-7.6.0.tgz",
      "integrity": "sha1-bYkgP4ts0yPo2Ubkd3TqNdwGGcw=",
      "requires": {
        "core-js": "^2.6.5",
        "regenerator-runtime": "^0.13.2"
      }
    },
    "co": {
      "version": "4.6.0",
      "resolved": "https://registry.npm.taobao.org/co/download/co-4.6.0.tgz",
      "integrity": "sha1-bqa989hTrlTMuOR7+gvz+QMfsYQ="
    },
    "core-js": {
      "version": "2.6.9",
      "resolved": "https://registry.npm.taobao.org/core-js/download/core-js-2.6.9.tgz",
      "integrity": "sha1-a0shRiDINBUuF5Mjcn/Bl0GwhPI="
    },
    "regenerator-runtime": {
      "version": "0.13.3",
      "resolved": "https://registry.npm.taobao.org/regenerator-runtime/download/regenerator-runtime-0.13.3.tgz",
      "integrity": "sha1-fPanfY9cb2Drc8X8GVWyzrAea/U="
    }
  }
}
